{
    "name": "test",
    "version": "0.0.1",
    "lockfileVersion": 1,
    "dependencies": {
        "@alicloud/dybaseapi": {
            "version": "1.0.0",
            "resolved": "https://registry.npmjs.org/@alicloud/dybaseapi/-/dybaseapi-1.0.0.tgz",
            "integrity": "sha512-4KEDgqES7IL60T/TWGSkLQkN6BYeHEw8smnPgac2J2MTES5v1ieCWvbLSuUUWi5SAXi7cydKoD4HUOmX7xwM+A=="
        },
        "@alicloud/dysmsapi": {
            "version": "1.0.0",
            "resolved": "https://registry.npmjs.org/@alicloud/dysmsapi/-/dysmsapi-1.0.0.tgz",
            "integrity": "sha512-EKfEk/1g1+1UflbPDTISGhl9Zm+cnaxN792gWsqSzgqNmYAZs8DdXhf9ZvnoexiHvftmrHhQyXZZNGkozKK28g=="
        },
        "@alicloud/mns": {
            "version": "1.0.0-beta5",
            "resolved": "https://registry.npmjs.org/@alicloud/mns/-/mns-1.0.0-beta5.tgz",
            "integrity": "sha512-P4WYJSKPZb548DteQtKu8Yc1ZRdkw2Q8r7xPQthJgJIQxgTPfmiJx5hE/PEJY7GrL6N60ZS+16QIE7ErbB1xGQ=="
        },
        "@alicloud/pop-core": {
            "version": "1.4.4",
            "resolved": "https://registry.npmjs.org/@alicloud/pop-core/-/pop-core-1.4.4.tgz",
            "integrity": "sha512-5TQ4EfST03EYTPNtl3bdEhnDm0Ue9WfDzeS3ZvHBcogKxm5TAOl1JiCtLdUfQn/N1q+EZHHd1MmJTX0PYQVIvQ=="
        },
        "@alicloud/sms-sdk": {
            "version": "1.0.2",
            "resolved": "https://registry.npmjs.org/@alicloud/sms-sdk/-/sms-sdk-1.0.2.tgz",
            "integrity": "sha1-iELtiLyI5Vqd6vKLpbLIcqpI9cE="
        },
        "accepts": {
            "version": "https://registry.npmjs.org/accepts/-/accepts-1.3.3.tgz",
            "integrity": "sha1-w8p0NJOGSMPg2cHjKN1otiLChMo="
        },
        "after": {
            "version": "https://registry.npmjs.org/after/-/after-0.8.2.tgz",
            "integrity": "sha1-/ts5T58OAqqXaOcCvaI7UF+ufh8="
        },
        "arraybuffer.slice": {
            "version": "https://registry.npmjs.org/arraybuffer.slice/-/arraybuffer.slice-0.0.6.tgz",
            "integrity": "sha1-8zshWfBTKj8xB6JywMz70a0peco="
        },
        "async": {
            "version": "https://registry.npmjs.org/async/-/async-0.2.5.tgz",
            "integrity": "sha1-RfBdpIB0m6TB3NjNOjdHrns2/lI="
        },
        "backo2": {
            "version": "https://registry.npmjs.org/backo2/-/backo2-1.0.2.tgz",
            "integrity": "sha1-MasayLEpNjRj41s+u2n038+6eUc="
        },
        "base64-arraybuffer": {
            "version": "https://registry.npmjs.org/base64-arraybuffer/-/base64-arraybuffer-0.1.5.tgz",
            "integrity": "sha1-c5JncZI7Whl0etZmqlzUv5xunOg="
        },
        "base64-js": {
            "version": "https://registry.npmjs.org/base64-js/-/base64-js-0.0.2.tgz",
            "integrity": "sha1-Ak8Pcq+iW3X5wO5zzU9V7Bvtl4Q="
        },
        "base64id": {
            "version": "https://registry.npmjs.org/base64id/-/base64id-1.0.0.tgz",
            "integrity": "sha1-R2iMuZu2gE8OBtPnY7HDLlfY5rY="
        },
        "bearcat-buffer": {
            "version": "https://registry.npmjs.org/bearcat-buffer/-/bearcat-buffer-0.1.1.tgz",
            "integrity": "sha1-K7nJ/KYY0HRQHnN8fycY9ijOcSY="
        },
        "better-assert": {
            "version": "https://registry.npmjs.org/better-assert/-/better-assert-1.0.2.tgz",
            "integrity": "sha1-QIZrnhueC1W0gYlDEeaPr/rrxSI="
        },
        "bignumber.js": {
            "version": "4.1.0",
            "resolved": "https://registry.npmjs.org/bignumber.js/-/bignumber.js-4.1.0.tgz",
            "integrity": "sha512-eJzYkFYy9L4JzXsbymsFn3p54D+llV27oTQ+ziJG7WFRheJcNZilgVXMG0LoZtlQSKBsJdWtLFqOD0u+U0jZKA=="
        },
        "bl": {
            "version": "https://registry.npmjs.org/bl/-/bl-1.2.0.tgz",
            "integrity": "sha1-E5fn7ELF9dw4dHDFAONKn2vp6pg=",
            "dependencies": {
                "isarray": {
                    "version": "https://registry.npmjs.org/isarray/-/isarray-1.0.0.tgz",
                    "integrity": "sha1-u5NdSFgsuhaMBoNJV6VKPgcSTxE="
                },
                "readable-stream": {
                    "version": "https://registry.npmjs.org/readable-stream/-/readable-stream-2.2.9.tgz",
                    "integrity": "sha1-z3jsb0ptHrQ9JkiMrJfwQudLf8g="
                },
                "string_decoder": {
                    "version": "https://registry.npmjs.org/string_decoder/-/string_decoder-1.0.0.tgz",
                    "integrity": "sha1-8G9BFXtmTYYGn4S9vcmw2KsoFmc="
                }
            }
        },
        "blob": {
            "version": "https://registry.npmjs.org/blob/-/blob-0.0.4.tgz",
            "integrity": "sha1-vPEwUspURj8w+fx+lbmkdjCpSSE="
        },
        "bops": {
            "version": "https://registry.npmjs.org/bops/-/bops-0.1.1.tgz",
            "integrity": "sha1-Bi4CqNqoAfoQ8uXb5nQM/4Af4X4="
        },
        "buffer-shims": {
            "version": "https://registry.npmjs.org/buffer-shims/-/buffer-shims-1.0.0.tgz",
            "integrity": "sha1-mXjOMXOIxkmth5MCjDR37wRKi1E="
        },
        "callsite": {
            "version": "https://registry.npmjs.org/callsite/-/callsite-1.0.0.tgz",
            "integrity": "sha1-KAOY5dZkvXQDi28JBRU+borxvCA="
        },
        "cliff": {
            "version": "https://registry.npmjs.org/cliff/-/cliff-0.1.8.tgz",
            "integrity": "sha1-Q8qK2f45Q0iWk6ti3ODK4iUJ0nI="
        },
        "colors": {
            "version": "https://registry.npmjs.org/colors/-/colors-0.6.2.tgz",
            "integrity": "sha1-JCP+ZnisDF2uiFLl0OW+CMmXq8w="
        },
        "commander": {
            "version": "https://registry.npmjs.org/commander/-/commander-2.0.0.tgz",
            "integrity": "sha1-0bhvkB+LZL2UG96tr5JFMDk76Sg="
        },
        "component-bind": {
            "version": "https://registry.npmjs.org/component-bind/-/component-bind-1.0.0.tgz",
            "integrity": "sha1-AMYIq33Nk4l8AAllGx06jh5zu9E="
        },
        "component-emitter": {
            "version": "https://registry.npmjs.org/component-emitter/-/component-emitter-1.1.2.tgz",
            "integrity": "sha1-KWWU8nU9qmOZbSrwjRWpURbJrsM="
        },
        "component-inherit": {
            "version": "https://registry.npmjs.org/component-inherit/-/component-inherit-0.0.3.tgz",
            "integrity": "sha1-ZF/ErfWLcrZJ1crmUTVhnbJv8UM="
        },
        "cookie": {
            "version": "https://registry.npmjs.org/cookie/-/cookie-0.3.1.tgz",
            "integrity": "sha1-5+Ch+e9DtMi6klxcWpboBtFoc7s="
        },
        "core-util-is": {
            "version": "https://registry.npmjs.org/core-util-is/-/core-util-is-1.0.2.tgz",
            "integrity": "sha1-tf1UIgqivFq1eqtxQMlAdUUDwac="
        },
        "crc": {
            "version": "https://registry.npmjs.org/crc/-/crc-0.2.0.tgz",
            "integrity": "sha1-9Ehrm/ChLfg8P8oU4x4DD9q9lFQ="
        },
        "cycle": {
            "version": "https://registry.npmjs.org/cycle/-/cycle-1.0.3.tgz",
            "integrity": "sha1-IegLK+hYD5i0aPN5QwZisEbDStI="
        },
        "date-format": {
            "version": "https://registry.npmjs.org/date-format/-/date-format-0.0.0.tgz",
            "integrity": "sha1-CSBoY6sHDrRZrOpVQsvYVrEZZrM="
        },
        "debug": {
            "version": "https://registry.npmjs.org/debug/-/debug-2.6.3.tgz",
            "integrity": "sha1-D364wwll7AjHKsz6ATDIt5mEFB0="
        },
        "dequeue": {
            "version": "https://registry.npmjs.org/dequeue/-/dequeue-1.0.3.tgz",
            "integrity": "sha1-MLj02i/CQJUaFdMbNSg+KbLeiXg="
        },
        "duplexify": {
            "version": "https://registry.npmjs.org/duplexify/-/duplexify-3.5.0.tgz",
            "integrity": "sha1-GqdzAC4VeEV+nZ1KULDMquvL1gQ=",
            "dependencies": {
                "isarray": {
                    "version": "https://registry.npmjs.org/isarray/-/isarray-1.0.0.tgz",
                    "integrity": "sha1-u5NdSFgsuhaMBoNJV6VKPgcSTxE="
                },
                "readable-stream": {
                    "version": "https://registry.npmjs.org/readable-stream/-/readable-stream-2.2.9.tgz",
                    "integrity": "sha1-z3jsb0ptHrQ9JkiMrJfwQudLf8g="
                },
                "string_decoder": {
                    "version": "https://registry.npmjs.org/string_decoder/-/string_decoder-1.0.0.tgz",
                    "integrity": "sha1-8G9BFXtmTYYGn4S9vcmw2KsoFmc="
                }
            }
        },
        "end-of-stream": {
            "version": "https://registry.npmjs.org/end-of-stream/-/end-of-stream-1.0.0.tgz",
            "integrity": "sha1-1FlucCc0qT5A6a+GQxnqvZn/Lw4="
        },
        "engine.io": {
            "version": "https://registry.npmjs.org/engine.io/-/engine.io-1.8.2.tgz",
            "integrity": "sha1-a1m+cws0jAElsKRYneHDVavPen4=",
            "dependencies": {
                "debug": {
                    "version": "https://registry.npmjs.org/debug/-/debug-2.3.3.tgz",
                    "integrity": "sha1-QMRT5n5uE8kB3ewxeviYbNqe/4w="
                }
            }
        },
        "engine.io-client": {
            "version": "https://registry.npmjs.org/engine.io-client/-/engine.io-client-1.8.2.tgz",
            "integrity": "sha1-w4dnVH8qfRhPV1L28K1QEAZwN2Y=",
            "dependencies": {
                "component-emitter": {
                    "version": "https://registry.npmjs.org/component-emitter/-/component-emitter-1.2.1.tgz",
                    "integrity": "sha1-E3kY1teCg/ffemt8WmPhQOaUJeY="
                },
                "debug": {
                    "version": "https://registry.npmjs.org/debug/-/debug-2.3.3.tgz",
                    "integrity": "sha1-QMRT5n5uE8kB3ewxeviYbNqe/4w="
                }
            }
        },
        "engine.io-parser": {
            "version": "https://registry.npmjs.org/engine.io-parser/-/engine.io-parser-1.3.2.tgz",
            "integrity": "sha1-k3sHnwAH0Ik+xW1GyyILjLQ1Igo="
        },
        "eyes": {
            "version": "https://registry.npmjs.org/eyes/-/eyes-0.1.8.tgz",
            "integrity": "sha1-Ys8SAjTGg3hdkCNIqADvPgzCC8A="
        },
        "has-binary": {
            "version": "https://registry.npmjs.org/has-binary/-/has-binary-0.1.7.tgz",
            "integrity": "sha1-aOYesWIQyVRaClzOBqhzkS/h5ow="
        },
        "has-cors": {
            "version": "https://registry.npmjs.org/has-cors/-/has-cors-1.1.0.tgz",
            "integrity": "sha1-XkdHk/fqmEPRu5nCPu9J/xJv/zk="
        },
        "httpx": {
            "version": "2.1.2",
            "resolved": "https://registry.npmjs.org/httpx/-/httpx-2.1.2.tgz",
            "integrity": "sha1-Wa7BWK1o3wqtNopymyXyKo2/sRQ="
        },
        "indexof": {
            "version": "https://registry.npmjs.org/indexof/-/indexof-0.0.1.tgz",
            "integrity": "sha1-gtwzbSMrkGIXnQWrMpOmYFn9Q10="
        },
        "inherits": {
            "version": "https://registry.npmjs.org/inherits/-/inherits-2.0.3.tgz",
            "integrity": "sha1-Yzwsg+PaQqUC9SRmAiSA9CCCYd4="
        },
        "isarray": {
            "version": "https://registry.npmjs.org/isarray/-/isarray-0.0.1.tgz",
            "integrity": "sha1-ihis/Kmo9Bd+Cav8YDiTmwXR7t8="
        },
        "json-bigint": {
            "version": "0.2.3",
            "resolved": "https://registry.npmjs.org/json-bigint/-/json-bigint-0.2.3.tgz",
            "integrity": "sha1-EY1/b/HThlnxn5TPc+ZKdaP5iKg="
        },
        "json3": {
            "version": "https://registry.npmjs.org/json3/-/json3-3.3.2.tgz",
            "integrity": "sha1-PAQ0dD35Pi9cQq7nsZvLSDV19OE="
        },
        "kitx": {
            "version": "1.3.0",
            "resolved": "https://registry.npmjs.org/kitx/-/kitx-1.3.0.tgz",
            "integrity": "sha512-fhBqFlXd0GkKTB+8ayLfpzPUw+LHxZlPAukPNBD1Om7JMeInT+/PxCAf1yLagvD+VKoyWhXtJR68xQkX/a0wOQ=="
        },
        "log4js": {
            "version": "https://registry.npmjs.org/log4js/-/log4js-1.1.1.tgz",
            "integrity": "sha1-wh0px2BAieTyVYM+f5SzRh3h/0M="
        },
        "mime-db": {
            "version": "https://registry.npmjs.org/mime-db/-/mime-db-1.27.0.tgz",
            "integrity": "sha1-gg9XIpa70g7CXtVeW13oaeVDbrE="
        },
        "mime-types": {
            "version": "https://registry.npmjs.org/mime-types/-/mime-types-2.1.15.tgz",
            "integrity": "sha1-pOv1BkCUVpI3uM9wBGd20J/JKu0="
        },
        "minimist": {
            "version": "https://registry.npmjs.org/minimist/-/minimist-0.0.8.tgz",
            "integrity": "sha1-hX/Kv8M5fSYluCKCYuhqp6ARsF0="
        },
        "mkdirp": {
            "version": "https://registry.npmjs.org/mkdirp/-/mkdirp-0.3.3.tgz",
            "integrity": "sha1-WV4lHBNww6aLqyE20ONIuBBa3xM="
        },
        "mqtt": {
            "version": "https://registry.npmjs.org/mqtt/-/mqtt-0.3.9.tgz",
            "integrity": "sha1-WNXroJbHI3JMxLUMmvLvhV4amVM="
        },
        "mqtt-connection": {
            "version": "https://registry.npmjs.org/mqtt-connection/-/mqtt-connection-3.0.0.tgz",
            "integrity": "sha1-Pqwcrp1KNuWrzCRFirWrpeae+Uk="
        },
        "mqtt-packet": {
            "version": "https://registry.npmjs.org/mqtt-packet/-/mqtt-packet-5.3.0.tgz",
            "integrity": "sha1-B47VmuTAb+vzs+rKkLUOl+Jp8gY="
        },
        "ms": {
            "version": "https://registry.npmjs.org/ms/-/ms-0.7.2.tgz",
            "integrity": "sha1-riXPJRKziFodldfwN4aNhDESR2U="
        },
        "negotiator": {
            "version": "https://registry.npmjs.org/negotiator/-/negotiator-0.6.1.tgz",
            "integrity": "sha1-KzJxhOiZIQEXeyhWP7XnECrNDKk="
        },
        "node-bignumber": {
            "version": "https://registry.npmjs.org/node-bignumber/-/node-bignumber-1.2.1.tgz",
            "integrity": "sha1-JmyVUzUoOFOfZhyS5YYxvpeRfqU="
        },
        "node-uuid": {
            "version": "https://registry.npmjs.org/node-uuid/-/node-uuid-1.4.0.tgz",
            "integrity": "sha1-B/myM3Vy/2J1x3Xh1IUT86RdemU="
        },
        "object-assign": {
            "version": "https://registry.npmjs.org/object-assign/-/object-assign-4.1.0.tgz",
            "integrity": "sha1-ejs9DpgGPUP0wD8uiubNUahog6A="
        },
        "object-component": {
            "version": "https://registry.npmjs.org/object-component/-/object-component-0.0.3.tgz",
            "integrity": "sha1-8MaapQ78lbhmwYb0AKM3acsvEpE="
        },
        "once": {
            "version": "https://registry.npmjs.org/once/-/once-1.3.3.tgz",
            "integrity": "sha1-suJhVXzkwxTsgwTz+oJmPkKXyiA="
        },
        "options": {
            "version": "https://registry.npmjs.org/options/-/options-0.0.6.tgz",
            "integrity": "sha1-7CLTEoBrtT5zF3Pnza788cZDEo8="
        },
        "parsejson": {
            "version": "https://registry.npmjs.org/parsejson/-/parsejson-0.0.3.tgz",
            "integrity": "sha1-q343WfIJ7OmUN5c/fQ8fZK4OZKs="
        },
        "parseqs": {
            "version": "https://registry.npmjs.org/parseqs/-/parseqs-0.0.5.tgz",
            "integrity": "sha1-1SCKNzjkZ2bikbouoXNoSSGouJ0="
        },
        "parseuri": {
            "version": "https://registry.npmjs.org/parseuri/-/parseuri-0.0.5.tgz",
            "integrity": "sha1-gCBKUNTbt3m/3G6+J3jZDkvOMgo="
        },
        "pkginfo": {
            "version": "https://registry.npmjs.org/pkginfo/-/pkginfo-0.2.3.tgz",
            "integrity": "sha1-cjnEKl72wwuPMoQ52bn/cQQkkPg="
        },
        "pomelo": {
            "version": "https://registry.npmjs.org/pomelo/-/pomelo-2.2.5.tgz",
            "integrity": "sha1-GYrEy2pkheewwMYY7NjLfCwybeM="
        },
        "pomelo-admin": {
            "version": "https://registry.npmjs.org/pomelo-admin/-/pomelo-admin-1.0.0.tgz",
            "integrity": "sha1-kX9ytSGvlbxTQmg6pOyHC+Z/gE4=",
            "dependencies": {
                "pomelo-scheduler": {
                    "version": "https://registry.npmjs.org/pomelo-scheduler/-/pomelo-scheduler-0.3.8.tgz",
                    "integrity": "sha1-ZKyciXrkRasfd9LTHcVCLY2qq20="
                }
            }
        },
        "pomelo-loader": {
            "version": "https://registry.npmjs.org/pomelo-loader/-/pomelo-loader-0.0.6.tgz",
            "integrity": "sha1-KMT+F/362ihrnUZ9FzyJgOuY9Dg="
        },
        "pomelo-logger": {
            "version": "https://registry.npmjs.org/pomelo-logger/-/pomelo-logger-0.1.7.tgz",
            "integrity": "sha1-skhvmVlDSmNuTzhbAiQej3wZEmU=",
            "dependencies": {
                "log4js": {
                    "version": "https://registry.npmjs.org/log4js/-/log4js-0.6.21.tgz",
                    "integrity": "sha1-Z07QnvD/6RPCo1B09pe9BHu1O18="
                },
                "semver": {
                    "version": "https://registry.npmjs.org/semver/-/semver-1.1.4.tgz",
                    "integrity": "sha1-LlpOcrqwNHLMl/cnU7RQiRLvVUA="
                }
            }
        },
        "pomelo-monitor": {
            "version": "https://registry.npmjs.org/pomelo-monitor/-/pomelo-monitor-0.3.7.tgz",
            "integrity": "sha1-DAEec+n4Fj+4tZD+idxXeGmlies="
        },
        "pomelo-protobuf": {
            "version": "https://registry.npmjs.org/pomelo-protobuf/-/pomelo-protobuf-0.4.0.tgz",
            "integrity": "sha1-5F6aCkRusYZn4MbhPutT1Hrdvag="
        },
        "pomelo-protocol": {
            "version": "https://registry.npmjs.org/pomelo-protocol/-/pomelo-protocol-0.1.6.tgz",
            "integrity": "sha1-0+DLU5JZY1wodTh3hSoNN9udMTs="
        },
        "pomelo-rpc": {
            "version": "https://registry.npmjs.org/pomelo-rpc/-/pomelo-rpc-1.0.7.tgz",
            "integrity": "sha1-L9zkRkN3BJoK9NHKjbd/u1Wy+c8=",
            "dependencies": {
                "async": {
                    "version": "https://registry.npmjs.org/async/-/async-1.5.2.tgz",
                    "integrity": "sha1-7GphrlZIDAw8skHJVhjiCJL5Zyo="
                }
            }
        },
        "pomelo-scheduler": {
            "version": "https://registry.npmjs.org/pomelo-scheduler/-/pomelo-scheduler-0.3.9.tgz",
            "integrity": "sha1-YcVDU5UlxcDRucby2ElgBp1hOeg=",
            "dependencies": {
                "async": {
                    "version": "https://registry.npmjs.org/async/-/async-0.1.15.tgz",
                    "integrity": "sha1-IYDqyizypspSgNQcBYW+ybPkm9M="
                },
                "log4js": {
                    "version": "https://registry.npmjs.org/log4js/-/log4js-0.6.7.tgz",
                    "integrity": "sha1-mp6qKO4FYHHHpijmKd3i5XNiu28="
                },
                "semver": {
                    "version": "https://registry.npmjs.org/semver/-/semver-1.1.4.tgz",
                    "integrity": "sha1-LlpOcrqwNHLMl/cnU7RQiRLvVUA="
                }
            }
        },
        "process-nextick-args": {
            "version": "https://registry.npmjs.org/process-nextick-args/-/process-nextick-args-1.0.7.tgz",
            "integrity": "sha1-FQ4gt1ZZCtP5EJPyWk8q2L/zC6M="
        },
        "readable-stream": {
            "version": "https://registry.npmjs.org/readable-stream/-/readable-stream-1.0.34.tgz",
            "integrity": "sha1-Elgg40vIQtLyqq+v5MKRbuMsFXw="
        },
        "request": {
            "version": "https://registry.npmjs.org/request/-/request-2.9.203.tgz",
            "integrity": "sha1-bBcRpUB/uUoRQhlWPkQUW8v0cjo="
        },
        "safe-buffer": {
            "version": "https://registry.npmjs.org/safe-buffer/-/safe-buffer-5.0.1.tgz",
            "integrity": "sha1-0mPKVGls2KMGtcplUekt5XkY++c="
        },
        "sax": {
            "version": "1.2.4",
            "resolved": "https://registry.npmjs.org/sax/-/sax-1.2.4.tgz",
            "integrity": "sha512-NqVDv9TpANUjFm0N8uM5GxL36UgKi9/atZw+x7YFnQ8ckwFGKrl4xX4yWtrey3UJm5nP1kUbnYgLopqWNSRhWw=="
        },
        "semver": {
            "version": "https://registry.npmjs.org/semver/-/semver-5.3.0.tgz",
            "integrity": "sha1-myzl094C0XxgEq0yaqa00M9U+U8="
        },
        "seq-queue": {
            "version": "https://registry.npmjs.org/seq-queue/-/seq-queue-0.0.5.tgz",
            "integrity": "sha1-1WgS4cAXpuTnw+Ojeh2m143TyT4="
        },
        "socket.io": {
            "version": "https://registry.npmjs.org/socket.io/-/socket.io-1.7.2.tgz",
            "integrity": "sha1-g7u98ueSY7N4kA2kA+eEPgXcO3E=",
            "dependencies": {
                "debug": {
                    "version": "https://registry.npmjs.org/debug/-/debug-2.3.3.tgz",
                    "integrity": "sha1-QMRT5n5uE8kB3ewxeviYbNqe/4w="
                }
            }
        },
        "socket.io-adapter": {
            "version": "https://registry.npmjs.org/socket.io-adapter/-/socket.io-adapter-0.5.0.tgz",
            "integrity": "sha1-y21LuL7IHhB4uZZ3+c7QBGBmu4s=",
            "dependencies": {
                "debug": {
                    "version": "https://registry.npmjs.org/debug/-/debug-2.3.3.tgz",
                    "integrity": "sha1-QMRT5n5uE8kB3ewxeviYbNqe/4w="
                }
            }
        },
        "socket.io-client": {
            "version": "https://registry.npmjs.org/socket.io-client/-/socket.io-client-1.7.2.tgz",
            "integrity": "sha1-Of2ww91FDjIbfkDP2DYS7FM91kQ=",
            "dependencies": {
                "component-emitter": {
                    "version": "https://registry.npmjs.org/component-emitter/-/component-emitter-1.2.1.tgz",
                    "integrity": "sha1-E3kY1teCg/ffemt8WmPhQOaUJeY="
                },
                "debug": {
                    "version": "https://registry.npmjs.org/debug/-/debug-2.3.3.tgz",
                    "integrity": "sha1-QMRT5n5uE8kB3ewxeviYbNqe/4w="
                }
            }
        },
        "socket.io-parser": {
            "version": "https://registry.npmjs.org/socket.io-parser/-/socket.io-parser-2.3.1.tgz",
            "integrity": "sha1-3VMgJRA85Clpcya+/WQAX8/ltKA=",
            "dependencies": {
                "debug": {
                    "version": "https://registry.npmjs.org/debug/-/debug-2.2.0.tgz",
                    "integrity": "sha1-+HBX6ZWxofauaklgZkE3vFbwOdo="
                },
                "ms": {
                    "version": "https://registry.npmjs.org/ms/-/ms-0.7.1.tgz",
                    "integrity": "sha1-nNE8A62/8ltl7/3nzoZO6VIBcJg="
                }
            }
        },
        "stack-trace": {
            "version": "https://registry.npmjs.org/stack-trace/-/stack-trace-0.0.9.tgz",
            "integrity": "sha1-qPbq7KkGdMMz58Q5U/J1tFFRBpU="
        },
        "stream-pkg": {
            "version": "https://registry.npmjs.org/stream-pkg/-/stream-pkg-0.0.5.tgz",
            "integrity": "sha1-kx/TMuLomR8GBEKUNBYL1qSC82U="
        },
        "stream-shift": {
            "version": "https://registry.npmjs.org/stream-shift/-/stream-shift-1.0.0.tgz",
            "integrity": "sha1-1cdSgl5TZ+eG944Y5EXqIjoVWVI="
        },
        "streamroller": {
            "version": "https://registry.npmjs.org/streamroller/-/streamroller-0.4.0.tgz",
            "integrity": "sha1-onPx+RmUVJot3REsyqLR3SPLdYw=",
            "dependencies": {
                "debug": {
                    "version": "https://registry.npmjs.org/debug/-/debug-0.7.4.tgz",
                    "integrity": "sha1-BuHqgILCyxTjmAbiLi9vdX+Srzk="
                },
                "mkdirp": {
                    "version": "https://registry.npmjs.org/mkdirp/-/mkdirp-0.5.1.tgz",
                    "integrity": "sha1-MAV0OOrGz3+MR2fzhkjWaX11yQM="
                },
                "readable-stream": {
                    "version": "https://registry.npmjs.org/readable-stream/-/readable-stream-1.1.14.tgz",
                    "integrity": "sha1-fPTFTvZI44EwhMY23SB54WbAgdk="
                }
            }
        },
        "string_decoder": {
            "version": "https://registry.npmjs.org/string_decoder/-/string_decoder-0.10.31.tgz",
            "integrity": "sha1-YuIDvEF2bGwoyfyEMB2rHFMQ+pQ="
        },
        "through2": {
            "version": "https://registry.npmjs.org/through2/-/through2-2.0.3.tgz",
            "integrity": "sha1-AARWmzfHx0ujnEPzzteNGtlBQL4=",
            "dependencies": {
                "isarray": {
                    "version": "https://registry.npmjs.org/isarray/-/isarray-1.0.0.tgz",
                    "integrity": "sha1-u5NdSFgsuhaMBoNJV6VKPgcSTxE="
                },
                "readable-stream": {
                    "version": "https://registry.npmjs.org/readable-stream/-/readable-stream-2.2.9.tgz",
                    "integrity": "sha1-z3jsb0ptHrQ9JkiMrJfwQudLf8g="
                },
                "string_decoder": {
                    "version": "https://registry.npmjs.org/string_decoder/-/string_decoder-1.0.0.tgz",
                    "integrity": "sha1-8G9BFXtmTYYGn4S9vcmw2KsoFmc="
                }
            }
        },
        "to-array": {
            "version": "https://registry.npmjs.org/to-array/-/to-array-0.1.4.tgz",
            "integrity": "sha1-F+bBH3PdTz10zaek/zI46a2b+JA="
        },
        "to-utf8": {
            "version": "https://registry.npmjs.org/to-utf8/-/to-utf8-0.0.1.tgz",
            "integrity": "sha1-0Xrqcv8vujm55DYBvns/9y4ImFI="
        },
        "ultron": {
            "version": "https://registry.npmjs.org/ultron/-/ultron-1.0.2.tgz",
            "integrity": "sha1-rOEWq1V80Zc4ak6I9GhTeMiy5Po="
        },
        "util-deprecate": {
            "version": "https://registry.npmjs.org/util-deprecate/-/util-deprecate-1.0.2.tgz",
            "integrity": "sha1-RQ1Nyfpw3nMnYvvS1KKJgUGaDM8="
        },
        "winston": {
            "version": "https://registry.npmjs.org/winston/-/winston-0.6.2.tgz",
            "integrity": "sha1-QUT+JYbNwZphK/jANVkBMskGS9I=",
            "dependencies": {
                "async": {
                    "version": "https://registry.npmjs.org/async/-/async-0.1.22.tgz",
                    "integrity": "sha1-D8GqoIig4+8Ovi2IMbqw3PiEUGE="
                }
            }
        },
        "wrappy": {
            "version": "https://registry.npmjs.org/wrappy/-/wrappy-1.0.2.tgz",
            "integrity": "sha1-tSQ9jz7BqjXxNkYFvA0QNuMKtp8="
        },
        "ws": {
            "version": "https://registry.npmjs.org/ws/-/ws-1.1.1.tgz",
            "integrity": "sha1-CC3bbGQehdS7RR8D1S8G6r2x8Bg="
        },
        "wtf-8": {
            "version": "https://registry.npmjs.org/wtf-8/-/wtf-8-1.0.0.tgz",
            "integrity": "sha1-OS2LotDxw00e4tYw8V0O+2jhBIo="
        },
        "xml2js": {
            "version": "0.4.19",
            "resolved": "https://registry.npmjs.org/xml2js/-/xml2js-0.4.19.tgz",
            "integrity": "sha512-esZnJZJOiJR9wWKMyuvSE1y6Dq5LCuJanqhxslH2bxM6duahNZ+HMpCLhBQGZkbX6xRf8x1Y2eJlgt2q3qo49Q=="
        },
        "xmlbuilder": {
            "version": "9.0.4",
            "resolved": "https://registry.npmjs.org/xmlbuilder/-/xmlbuilder-9.0.4.tgz",
            "integrity": "sha1-UZy0ymhtAFqEINNJbz8MruzKWA8="
        },
        "xmlhttprequest-ssl": {
            "version": "https://registry.npmjs.org/xmlhttprequest-ssl/-/xmlhttprequest-ssl-1.5.3.tgz",
            "integrity": "sha1-GFqIjATspGw+QHDZn3tJ3jUomS0="
        },
        "xtend": {
            "version": "https://registry.npmjs.org/xtend/-/xtend-4.0.1.tgz",
            "integrity": "sha1-pcbVMr5lbiPbgg77lDofBJmNY68="
        },
        "yeast": {
            "version": "https://registry.npmjs.org/yeast/-/yeast-0.1.2.tgz",
            "integrity": "sha1-AI4G2AlDIMNy28L47XagymyKxBk="
        }
    }
}
